
Microsoft Visual Studio Solution File, Format Version 12.00
# Visual Studio Version 16
VisualStudioVersion = 16.0.33214.272
MinimumVisualStudioVersion = 10.0.40219.1
Project("{FAE04EC0-301F-11D3-BF4B-00C04F79EFBC}") = "Project.ENTITIES", "Project.ENTITIES\Project.ENTITIES.csproj", "{16B897FF-15DE-4A79-96E3-D10EBD81F696}"
EndProject
Project("{FAE04EC0-301F-11D3-BF4B-00C04F79EFBC}") = "Project.MAP", "Project.MAP\Project.MAP.csproj", "{84B0CCF7-1F5F-49DC-A51A-72E3B9880502}"
EndProject
Project("{FAE04EC0-301F-11D3-BF4B-00C04F79EFBC}") = "Project.DAL", "Project.DAL\Project.DAL.csproj", "{2BA7B78A-41C4-43B2-AF5C-66870D9C7B12}"
EndProject
Project("{FAE04EC0-301F-11D3-BF4B-00C04F79EFBC}") = "Project.BLL", "Project.BLL\Project.BLL.csproj", "{B5066771-8F8C-46FA-A2F3-889D212DD4D9}"
EndProject
Project("{FAE04EC0-301F-11D3-BF4B-00C04F79EFBC}") = "Project.WinUI", "Project.WinUI\Project.WinUI.csproj", "{4F515C6D-22CE-4E24-9E10-851E97CF903F}"
EndProject
Global
	GlobalSection(SolutionConfigurationPlatforms) = preSolution
		Debug|Any CPU = Debug|Any CPU
		Release|Any CPU = Release|Any CPU
	EndGlobalSection
	GlobalSection(ProjectConfigurationPlatforms) = postSolution
		{16B897FF-15DE-4A79-96E3-D10EBD81F696}.Debug|Any CPU.ActiveCfg = Debug|Any CPU
		{16B897FF-15DE-4A79-96E3-D10EBD81F696}.Debug|Any CPU.Build.0 = Debug|Any CPU
		{16B897FF-15DE-4A79-96E3-D10EBD81F696}.Release|Any CPU.ActiveCfg = Release|Any CPU
		{16B897FF-15DE-4A79-96E3-D10EBD81F696}.Release|Any CPU.Build.0 = Release|Any CPU
		{84B0CCF7-1F5F-49DC-A51A-72E3B9880502}.Debug|Any CPU.ActiveCfg = Debug|Any CPU
		{84B0CCF7-1F5F-49DC-A51A-72E3B9880502}.Debug|Any CPU.Build.0 = Debug|Any CPU
		{84B0CCF7-1F5F-49DC-A51A-72E3B9880502}.Release|Any CPU.ActiveCfg = Release|Any CPU
		{84B0CCF7-1F5F-49DC-A51A-72E3B9880502}.Release|Any CPU.Build.0 = Release|Any CPU
		{2BA7B78A-41C4-43B2-AF5C-66870D9C7B12}.Debug|Any CPU.ActiveCfg = Debug|Any CPU
		{2BA7B78A-41C4-43B2-AF5C-66870D9C7B12}.Debug|Any CPU.Build.0 = Debug|Any CPU
		{2BA7B78A-41C4-43B2-AF5C-66870D9C7B12}.Release|Any CPU.ActiveCfg = Release|Any CPU
		{2BA7B78A-41C4-43B2-AF5C-66870D9C7B12}.Release|Any CPU.Build.0 = Release|Any CPU
		{B5066771-8F8C-46FA-A2F3-889D212DD4D9}.Debug|Any CPU.ActiveCfg = Debug|Any CPU
		{B5066771-8F8C-46FA-A2F3-889D212DD4D9}.Debug|Any CPU.Build.0 = Debug|Any CPU
		{B5066771-8F8C-46FA-A2F3-889D212DD4D9}.Release|Any CPU.ActiveCfg = Release|Any CPU
		{B5066771-8F8C-46FA-A2F3-889D212DD4D9}.Release|Any CPU.Build.0 = Release|Any CPU
		{4F515C6D-22CE-4E24-9E10-851E97CF903F}.Debug|Any CPU.ActiveCfg = Debug|Any CPU
		{4F515C6D-22CE-4E24-9E10-851E97CF903F}.Debug|Any CPU.Build.0 = Debug|Any CPU
		{4F515C6D-22CE-4E24-9E10-851E97CF903F}.Release|Any CPU.ActiveCfg = Release|Any CPU
		{4F515C6D-22CE-4E24-9E10-851E97CF903F}.Release|Any CPU.Build.0 = Release|Any CPU
	EndGlobalSection
	GlobalSection(SolutionProperties) = preSolution
		HideSolutionNode = FALSE
	EndGlobalSection
	GlobalSection(ExtensibilityGlobals) = postSolution
		SolutionGuid = {288B68E9-0E4D-41E5-A691-B26C6A5A57BC}
	EndGlobalSection
EndGlobal
